
Microsoft Visual Studio Solution File, Format Version 12.00
# Visual Studio Version 16
VisualStudioVersion = 16.0.31129.286
MinimumVisualStudioVersion = 10.0.40219.1
Project("{FAE04EC0-301F-11D3-BF4B-00C04F79EFBC}") = "ProjectOwl", "ProjectOwl\ProjectOwl.csproj", "{18139182-A6B7-4485-BF21-E492EE7DA73B}"
EndProject
Global
	GlobalSection(SolutionConfigurationPlatforms) = preSolution
		Debug|Any CPU = Debug|Any CPU
		Release|Any CPU = Release|Any CPU
	EndGlobalSection
	GlobalSection(ProjectConfigurationPlatforms) = postSolution
		{18139182-A6B7-4485-BF21-E492EE7DA73B}.Debug|Any CPU.ActiveCfg = Debug|Any CPU
		{18139182-A6B7-4485-BF21-E492EE7DA73B}.Debug|Any CPU.Build.0 = Debug|Any CPU
		{18139182-A6B7-4485-BF21-E492EE7DA73B}.Release|Any CPU.ActiveCfg = Release|Any CPU
		{18139182-A6B7-4485-BF21-E492EE7DA73B}.Release|Any CPU.Build.0 = Release|Any CPU
	EndGlobalSection
	GlobalSection(SolutionProperties) = preSolution
		HideSolutionNode = FALSE
	EndGlobalSection
	GlobalSection(ExtensibilityGlobals) = postSolution
		SolutionGuid = {C9D592DA-1F16-4CD5-A0FC-9AD1008FE278}
	EndGlobalSection
EndGlobal
